// !$*UTF8*$!
{
	archiveVersion = 1;
	classes = {
	};
	objectVersion = 55;
	objects = {

/* Begin PBXBuildFile section */
		CCA3EF75276C08BE00CCA21A /* ConciseFormsApp.swift in Sources */ = {isa = PBXBuildFile; fileRef = CCA3EF74276C08BE00CCA21A /* ConciseFormsApp.swift */; };
		CCA3EF77276C08BE00CCA21A /* ContentView.swift in Sources */ = {isa = PBXBuildFile; fileRef = CCA3EF76276C08BE00CCA21A /* ContentView.swift */; };
		CCA3EF79276C08BF00CCA21A /* Assets.xcassets in Resources */ = {isa = PBXBuildFile; fileRef = CCA3EF78276C08BF00CCA21A /* Assets.xcassets */; };
		CCA3EF7C276C08BF00CCA21A /* Preview Assets.xcassets in Resources */ = {isa = PBXBuildFile; fileRef = CCA3EF7B276C08BF00CCA21A /* Preview Assets.xcassets */; };
		CCA3EF86276C08C000CCA21A /* ConciseFormsTests.swift in Sources */ = {isa = PBXBuildFile; fileRef = CCA3EF85276C08C000CCA21A /* ConciseFormsTests.swift */; };
		CCA3EF90276C08C000CCA21A /* ConciseFormsUITests.swift in Sources */ = {isa = PBXBuildFile; fileRef = CCA3EF8F276C08C000CCA21A /* ConciseFormsUITests.swift */; };
		CCA3EF92276C08C000CCA21A /* ConciseFormsUITestsLaunchTests.swift in Sources */ = {isa = PBXBuildFile; fileRef = CCA3EF91276C08C000CCA21A /* ConciseFormsUITestsLaunchTests.swift */; };
		CCA3EF9F276C09EC00CCA21A /* Models.swift in Sources */ = {isa = PBXBuildFile; fileRef = CCA3EF9E276C09EC00CCA21A /* Models.swift */; };
		CCA3EFA1276C0A1500CCA21A /* UserNotificationsClient.swift in Sources */ = {isa = PBXBuildFile; fileRef = CCA3EFA0276C0A1500CCA21A /* UserNotificationsClient.swift */; };
		CCA3EFA5276C0A8400CCA21A /* BindingAction.swift in Sources */ = {isa = PBXBuildFile; fileRef = CCA3EFA4276C0A8400CCA21A /* BindingAction.swift */; };
		CCA3EFA8276C0B3B00CCA21A /* ComposableArchitecture in Frameworks */ = {isa = PBXBuildFile; productRef = CCA3EFA7276C0B3B00CCA21A /* ComposableArchitecture */; };
/* End PBXBuildFile section */

/* Begin PBXContainerItemProxy section */
		CCA3EF82276C08C000CCA21A /* PBXContainerItemProxy */ = {
			isa = PBXContainerItemProxy;
			containerPortal = CCA3EF69276C08BE00CCA21A /* Project object */;
			proxyType = 1;
			remoteGlobalIDString = CCA3EF70276C08BE00CCA21A;
			remoteInfo = ConciseForms;
		};
		CCA3EF8C276C08C000CCA21A /* PBXContainerItemProxy */ = {
			isa = PBXContainerItemProxy;
			containerPortal = CCA3EF69276C08BE00CCA21A /* Project object */;
			proxyType = 1;
			remoteGlobalIDString = CCA3EF70276C08BE00CCA21A;
			remoteInfo = ConciseForms;
		};
/* End PBXContainerItemProxy section */

/* Begin PBXFileReference section */
		CCA3EF71276C08BE00CCA21A /* ConciseForms.app */ = {isa = PBXFileReference; explicitFileType = wrapper.application; includeInIndex = 0; path = ConciseForms.app; sourceTree = BUILT_PRODUCTS_DIR; };
		CCA3EF74276C08BE00CCA21A /* ConciseFormsApp.swift */ = {isa = PBXFileReference; lastKnownFileType = sourcecode.swift; path = ConciseFormsApp.swift; sourceTree = "<group>"; };
		CCA3EF76276C08BE00CCA21A /* ContentView.swift */ = {isa = PBXFileReference; lastKnownFileType = sourcecode.swift; path = ContentView.swift; sourceTree = "<group>"; };
		CCA3EF78276C08BF00CCA21A /* Assets.xcassets */ = {isa = PBXFileReference; lastKnownFileType = folder.assetcatalog; path = Assets.xcassets; sourceTree = "<group>"; };
		CCA3EF7B276C08BF00CCA21A /* Preview Assets.xcassets */ = {isa = PBXFileReference; lastKnownFileType = folder.assetcatalog; path = "Preview Assets.xcassets"; sourceTree = "<group>"; };
		CCA3EF81276C08C000CCA21A /* ConciseFormsTests.xctest */ = {isa = PBXFileReference; explicitFileType = wrapper.cfbundle; includeInIndex = 0; path = ConciseFormsTests.xctest; sourceTree = BUILT_PRODUCTS_DIR; };
		CCA3EF85276C08C000CCA21A /* ConciseFormsTests.swift */ = {isa = PBXFileReference; lastKnownFileType = sourcecode.swift; path = ConciseFormsTests.swift; sourceTree = "<group>"; };
		CCA3EF8B276C08C000CCA21A /* ConciseFormsUITests.xctest */ = {isa = PBXFileReference; explicitFileType = wrapper.cfbundle; includeInIndex = 0; path = ConciseFormsUITests.xctest; sourceTree = BUILT_PRODUCTS_DIR; };
		CCA3EF8F276C08C000CCA21A /* ConciseFormsUITests.swift */ = {isa = PBXFileReference; lastKnownFileType = sourcecode.swift; path = ConciseFormsUITests.swift; sourceTree = "<group>"; };
		CCA3EF91276C08C000CCA21A /* ConciseFormsUITestsLaunchTests.swift */ = {isa = PBXFileReference; lastKnownFileType = sourcecode.swift; path = ConciseFormsUITestsLaunchTests.swift; sourceTree = "<group>"; };
		CCA3EF9E276C09EC00CCA21A /* Models.swift */ = {isa = PBXFileReference; lastKnownFileType = sourcecode.swift; path = Models.swift; sourceTree = "<group>"; };
		CCA3EFA0276C0A1500CCA21A /* UserNotificationsClient.swift */ = {isa = PBXFileReference; lastKnownFileType = sourcecode.swift; path = UserNotificationsClient.swift; sourceTree = "<group>"; };
		CCA3EFA4276C0A8400CCA21A /* BindingAction.swift */ = {isa = PBXFileReference; lastKnownFileType = sourcecode.swift; path = BindingAction.swift; sourceTree = "<group>"; };
/* End PBXFileReference section */

/* Begin PBXFrameworksBuildPhase section */
		CCA3EF6E276C08BE00CCA21A /* Frameworks */ = {
			isa = PBXFrameworksBuildPhase;
			buildActionMask = 2147483647;
			files = (
				CCA3EFA8276C0B3B00CCA21A /* ComposableArchitecture in Frameworks */,
			);
			runOnlyForDeploymentPostprocessing = 0;
		};
		CCA3EF7E276C08C000CCA21A /* Frameworks */ = {
			isa = PBXFrameworksBuildPhase;
			buildActionMask = 2147483647;
			files = (
			);
			runOnlyForDeploymentPostprocessing = 0;
		};
		CCA3EF88276C08C000CCA21A /* Frameworks */ = {
			isa = PBXFrameworksBuildPhase;
			buildActionMask = 2147483647;
			files = (
			);
			runOnlyForDeploymentPostprocessing = 0;
		};
/* End PBXFrameworksBuildPhase section */

/* Begin PBXGroup section */
		CCA3EF68276C08BE00CCA21A = {
			isa = PBXGroup;
			children = (
				CCA3EF73276C08BE00CCA21A /* ConciseForms */,
				CCA3EF84276C08C000CCA21A /* ConciseFormsTests */,
				CCA3EF8E276C08C000CCA21A /* ConciseFormsUITests */,
				CCA3EF72276C08BE00CCA21A /* Products */,
			);
			sourceTree = "<group>";
		};
		CCA3EF72276C08BE00CCA21A /* Products */ = {
			isa = PBXGroup;
			children = (
				CCA3EF71276C08BE00CCA21A /* ConciseForms.app */,
				CCA3EF81276C08C000CCA21A /* ConciseFormsTests.xctest */,
				CCA3EF8B276C08C000CCA21A /* ConciseFormsUITests.xctest */,
			);
			name = Products;
			sourceTree = "<group>";
		};
		CCA3EF73276C08BE00CCA21A /* ConciseForms */ = {
			isa = PBXGroup;
			children = (
				CCA3EF74276C08BE00CCA21A /* ConciseFormsApp.swift */,
				CCA3EF76276C08BE00CCA21A /* ContentView.swift */,
				CCA3EF78276C08BF00CCA21A /* Assets.xcassets */,
				CCA3EF7A276C08BF00CCA21A /* Preview Content */,
				CCA3EF9E276C09EC00CCA21A /* Models.swift */,
				CCA3EFA0276C0A1500CCA21A /* UserNotificationsClient.swift */,
				CCA3EFA4276C0A8400CCA21A /* BindingAction.swift */,
			);
			path = ConciseForms;
			sourceTree = "<group>";
		};
		CCA3EF7A276C08BF00CCA21A /* Preview Content */ = {
			isa = PBXGroup;
			children = (
				CCA3EF7B276C08BF00CCA21A /* Preview Assets.xcassets */,
			);
			path = "Preview Content";
			sourceTree = "<group>";
		};
		CCA3EF84276C08C000CCA21A /* ConciseFormsTests */ = {
			isa = PBXGroup;
			children = (
				CCA3EF85276C08C000CCA21A /* ConciseFormsTests.swift */,
			);
			path = ConciseFormsTests;
			sourceTree = "<group>";
		};
		CCA3EF8E276C08C000CCA21A /* ConciseFormsUITests */ = {
			isa = PBXGroup;
			children = (
				CCA3EF8F276C08C000CCA21A /* ConciseFormsUITests.swift */,
				CCA3EF91276C08C000CCA21A /* ConciseFormsUITestsLaunchTests.swift */,
			);
			path = ConciseFormsUITests;
			sourceTree = "<group>";
		};
/* End PBXGroup section */

/* Begin PBXNativeTarget section */
		CCA3EF70276C08BE00CCA21A /* ConciseForms */ = {
			isa = PBXNativeTarget;
			buildConfigurationList = CCA3EF95276C08C000CCA21A /* Build configuration list for PBXNativeTarget "ConciseForms" */;
			buildPhases = (
				CCA3EF6D276C08BE00CCA21A /* Sources */,
				CCA3EF6E276C08BE00CCA21A /* Frameworks */,
				CCA3EF6F276C08BE00CCA21A /* Resources */,
			);
			buildRules = (
			);
			dependencies = (
			);
			name = ConciseForms;
			packageProductDependencies = (
				CCA3EFA7276C0B3B00CCA21A /* ComposableArchitecture */,
			);
			productName = ConciseForms;
			productReference = CCA3EF71276C08BE00CCA21A /* ConciseForms.app */;
			productType = "com.apple.product-type.application";
		};
		CCA3EF80276C08C000CCA21A /* ConciseFormsTests */ = {
			isa = PBXNativeTarget;
			buildConfigurationList = CCA3EF98276C08C000CCA21A /* Build configuration list for PBXNativeTarget "ConciseFormsTests" */;
			buildPhases = (
				CCA3EF7D276C08C000CCA21A /* Sources */,
				CCA3EF7E276C08C000CCA21A /* Frameworks */,
				CCA3EF7F276C08C000CCA21A /* Resources */,
			);
			buildRules = (
			);
			dependencies = (
				CCA3EF83276C08C000CCA21A /* PBXTargetDependency */,
			);
			name = ConciseFormsTests;
			productName = ConciseFormsTests;
			productReference = CCA3EF81276C08C000CCA21A /* ConciseFormsTests.xctest */;
			productType = "com.apple.product-type.bundle.unit-test";
		};
		CCA3EF8A276C08C000CCA21A /* ConciseFormsUITests */ = {
			isa = PBXNativeTarget;
			buildConfigurationList = CCA3EF9B276C08C000CCA21A /* Build configuration list for PBXNativeTarget "ConciseFormsUITests" */;
			buildPhases = (
				CCA3EF87276C08C000CCA21A /* Sources */,
				CCA3EF88276C08C000CCA21A /* Frameworks */,
				CCA3EF89276C08C000CCA21A /* Resources */,
			);
			buildRules = (
			);
			dependencies = (
				CCA3EF8D276C08C000CCA21A /* PBXTargetDependency */,
			);
			name = ConciseFormsUITests;
			productName = ConciseFormsUITests;
			productReference = CCA3EF8B276C08C000CCA21A /* ConciseFormsUITests.xctest */;
			productType = "com.apple.product-type.bundle.ui-testing";
		};
/* End PBXNativeTarget section */

/* Begin PBXProject section */
		CCA3EF69276C08BE00CCA21A /* Project object */ = {
			isa = PBXProject;
			attributes = {
				BuildIndependentTargetsInParallel = 1;
				LastSwiftUpdateCheck = 1300;
				LastUpgradeCheck = 1300;
				TargetAttributes = {
					CCA3EF70276C08BE00CCA21A = {
						CreatedOnToolsVersion = 13.0;
					};
					CCA3EF80276C08C000CCA21A = {
						CreatedOnToolsVersion = 13.0;
						TestTargetID = CCA3EF70276C08BE00CCA21A;
					};
					CCA3EF8A276C08C000CCA21A = {
						CreatedOnToolsVersion = 13.0;
						TestTargetID = CCA3EF70276C08BE00CCA21A;
					};
				};
			};
			buildConfigurationList = CCA3EF6C276C08BE00CCA21A /* Build configuration list for PBXProject "ConciseForms" */;
			compatibilityVersion = "Xcode 13.0";
			developmentRegion = en;
			hasScannedForEncodings = 0;
			knownRegions = (
				en,
				Base,
			);
			mainGroup = CCA3EF68276C08BE00CCA21A;
			packageReferences = (
				CCA3EFA6276C0B3B00CCA21A /* XCRemoteSwiftPackageReference "swift-composable-architecture" */,
			);
			productRefGroup = CCA3EF72276C08BE00CCA21A /* Products */;
			projectDirPath = "";
			projectRoot = "";
			targets = (
				CCA3EF70276C08BE00CCA21A /* ConciseForms */,
				CCA3EF80276C08C000CCA21A /* ConciseFormsTests */,
				CCA3EF8A276C08C000CCA21A /* ConciseFormsUITests */,
			);
		};
/* End PBXProject section */

/* Begin PBXResourcesBuildPhase section */
		CCA3EF6F276C08BE00CCA21A /* Resources */ = {
			isa = PBXResourcesBuildPhase;
			buildActionMask = 2147483647;
			files = (
				CCA3EF7C276C08BF00CCA21A /* Preview Assets.xcassets in Resources */,
				CCA3EF79276C08BF00CCA21A /* Assets.xcassets in Resources */,
			);
			runOnlyForDeploymentPostprocessing = 0;
		};
		CCA3EF7F276C08C000CCA21A /* Resources */ = {
			isa = PBXResourcesBuildPhase;
			buildActionMask = 2147483647;
			files = (
			);
			runOnlyForDeploymentPostprocessing = 0;
		};
		CCA3EF89276C08C000CCA21A /* Resources */ = {
			isa = PBXResourcesBuildPhase;
			buildActionMask = 2147483647;
			files = (
			);
			runOnlyForDeploymentPostprocessing = 0;
		};
/* End PBXResourcesBuildPhase section */

/* Begin PBXSourcesBuildPhase section */
		CCA3EF6D276C08BE00CCA21A /* Sources */ = {
			isa = PBXSourcesBuildPhase;
			buildActionMask = 2147483647;
			files = (
				CCA3EFA1276C0A1500CCA21A /* UserNotificationsClient.swift in Sources */,
				CCA3EFA5276C0A8400CCA21A /* BindingAction.swift in Sources */,
				CCA3EF9F276C09EC00CCA21A /* Models.swift in Sources */,
				CCA3EF77276C08BE00CCA21A /* ContentView.swift in Sources */,
				CCA3EF75276C08BE00CCA21A /* ConciseFormsApp.swift in Sources */,
			);
			runOnlyForDeploymentPostprocessing = 0;
		};
		CCA3EF7D276C08C000CCA21A /* Sources */ = {
			isa = PBXSourcesBuildPhase;
			buildActionMask = 2147483647;
			files = (
				CCA3EF86276C08C000CCA21A /* ConciseFormsTests.swift in Sources */,
			);
			runOnlyForDeploymentPostprocessing = 0;
		};
		CCA3EF87276C08C000CCA21A /* Sources */ = {
			isa = PBXSourcesBuildPhase;
			buildActionMask = 2147483647;
			files = (
				CCA3EF90276C08C000CCA21A /* ConciseFormsUITests.swift in Sources */,
				CCA3EF92276C08C000CCA21A /* ConciseFormsUITestsLaunchTests.swift in Sources */,
			);
			runOnlyForDeploymentPostprocessing = 0;
		};
/* End PBXSourcesBuildPhase section */

/* Begin PBXTargetDependency section */
		CCA3EF83276C08C000CCA21A /* PBXTargetDependency */ = {
			isa = PBXTargetDependency;
			target = CCA3EF70276C08BE00CCA21A /* ConciseForms */;
			targetProxy = CCA3EF82276C08C000CCA21A /* PBXContainerItemProxy */;
		};
		CCA3EF8D276C08C000CCA21A /* PBXTargetDependency */ = {
			isa = PBXTargetDependency;
			target = CCA3EF70276C08BE00CCA21A /* ConciseForms */;
			targetProxy = CCA3EF8C276C08C000CCA21A /* PBXContainerItemProxy */;
		};
/* End PBXTargetDependency section */

/* Begin XCBuildConfiguration section */
		CCA3EF93276C08C000CCA21A /* Debug */ = {
			isa = XCBuildConfiguration;
			buildSettings = {
				ALWAYS_SEARCH_USER_PATHS = NO;
				CLANG_ANALYZER_NONNULL = YES;
				CLANG_ANALYZER_NUMBER_OBJECT_CONVERSION = YES_AGGRESSIVE;
				CLANG_CXX_LANGUAGE_STANDARD = "gnu++17";
				CLANG_CXX_LIBRARY = "libc++";
				CLANG_ENABLE_MODULES = YES;
				CLANG_ENABLE_OBJC_ARC = YES;
				CLANG_ENABLE_OBJC_WEAK = YES;
				CLANG_WARN_BLOCK_CAPTURE_AUTORELEASING = YES;
				CLANG_WARN_BOOL_CONVERSION = YES;
				CLANG_WARN_COMMA = YES;
				CLANG_WARN_CONSTANT_CONVERSION = YES;
				CLANG_WARN_DEPRECATED_OBJC_IMPLEMENTATIONS = YES;
				CLANG_WARN_DIRECT_OBJC_ISA_USAGE = YES_ERROR;
				CLANG_WARN_DOCUMENTATION_COMMENTS = YES;
				CLANG_WARN_EMPTY_BODY = YES;
				CLANG_WARN_ENUM_CONVERSION = YES;
				CLANG_WARN_INFINITE_RECURSION = YES;
				CLANG_WARN_INT_CONVERSION = YES;
				CLANG_WARN_NON_LITERAL_NULL_CONVERSION = YES;
				CLANG_WARN_OBJC_IMPLICIT_RETAIN_SELF = YES;
				CLANG_WARN_OBJC_LITERAL_CONVERSION = YES;
				CLANG_WARN_OBJC_ROOT_CLASS = YES_ERROR;
				CLANG_WARN_QUOTED_INCLUDE_IN_FRAMEWORK_HEADER = YES;
				CLANG_WARN_RANGE_LOOP_ANALYSIS = YES;
				CLANG_WARN_STRICT_PROTOTYPES = YES;
				CLANG_WARN_SUSPICIOUS_MOVE = YES;
				CLANG_WARN_UNGUARDED_AVAILABILITY = YES_AGGRESSIVE;
				CLANG_WARN_UNREACHABLE_CODE = YES;
				CLANG_WARN__DUPLICATE_METHOD_MATCH = YES;
				COPY_PHASE_STRIP = NO;
				DEBUG_INFORMATION_FORMAT = dwarf;
				ENABLE_STRICT_OBJC_MSGSEND = YES;
				ENABLE_TESTABILITY = YES;
				GCC_C_LANGUAGE_STANDARD = gnu11;
				GCC_DYNAMIC_NO_PIC = NO;
				GCC_NO_COMMON_BLOCKS = YES;
				GCC_OPTIMIZATION_LEVEL = 0;
				GCC_PREPROCESSOR_DEFINITIONS = (
					"DEBUG=1",
					"$(inherited)",
				);
				GCC_WARN_64_TO_32_BIT_CONVERSION = YES;
				GCC_WARN_ABOUT_RETURN_TYPE = YES_ERROR;
				GCC_WARN_UNDECLARED_SELECTOR = YES;
				GCC_WARN_UNINITIALIZED_AUTOS = YES_AGGRESSIVE;
				GCC_WARN_UNUSED_FUNCTION = YES;
				GCC_WARN_UNUSED_VARIABLE = YES;
				IPHONEOS_DEPLOYMENT_TARGET = 15.0;
				MTL_ENABLE_DEBUG_INFO = INCLUDE_SOURCE;
				MTL_FAST_MATH = YES;
				ONLY_ACTIVE_ARCH = YES;
				SDKROOT = iphoneos;
				SWIFT_ACTIVE_COMPILATION_CONDITIONS = DEBUG;
				SWIFT_OPTIMIZATION_LEVEL = "-Onone";
			};
			name = Debug;
		};
		CCA3EF94276C08C000CCA21A /* Release */ = {
			isa = XCBuildConfiguration;
			buildSettings = {
				ALWAYS_SEARCH_USER_PATHS = NO;
				CLANG_ANALYZER_NONNULL = YES;
				CLANG_ANALYZER_NUMBER_OBJECT_CONVERSION = YES_AGGRESSIVE;
				CLANG_CXX_LANGUAGE_STANDARD = "gnu++17";
				CLANG_CXX_LIBRARY = "libc++";
				CLANG_ENABLE_MODULES = YES;
				CLANG_ENABLE_OBJC_ARC = YES;
				CLANG_ENABLE_OBJC_WEAK = YES;
				CLANG_WARN_BLOCK_CAPTURE_AUTORELEASING = YES;
				CLANG_WARN_BOOL_CONVERSION = YES;
				CLANG_WARN_COMMA = YES;
				CLANG_WARN_CONSTANT_CONVERSION = YES;
				CLANG_WARN_DEPRECATED_OBJC_IMPLEMENTATIONS = YES;
				CLANG_WARN_DIRECT_OBJC_ISA_USAGE = YES_ERROR;
				CLANG_WARN_DOCUMENTATION_COMMENTS = YES;
				CLANG_WARN_EMPTY_BODY = YES;
				CLANG_WARN_ENUM_CONVERSION = YES;
				CLANG_WARN_INFINITE_RECURSION = YES;
				CLANG_WARN_INT_CONVERSION = YES;
				CLANG_WARN_NON_LITERAL_NULL_CONVERSION = YES;
				CLANG_WARN_OBJC_IMPLICIT_RETAIN_SELF = YES;
				CLANG_WARN_OBJC_LITERAL_CONVERSION = YES;
				CLANG_WARN_OBJC_ROOT_CLASS = YES_ERROR;
				CLANG_WARN_QUOTED_INCLUDE_IN_FRAMEWORK_HEADER = YES;
				CLANG_WARN_RANGE_LOOP_ANALYSIS = YES;
				CLANG_WARN_STRICT_PROTOTYPES = YES;
				CLANG_WARN_SUSPICIOUS_MOVE = YES;
				CLANG_WARN_UNGUARDED_AVAILABILITY = YES_AGGRESSIVE;
				CLANG_WARN_UNREACHABLE_CODE = YES;
				CLANG_WARN__DUPLICATE_METHOD_MATCH = YES;
				COPY_PHASE_STRIP = NO;
				DEBUG_INFORMATION_FORMAT = "dwarf-with-dsym";
				ENABLE_NS_ASSERTIONS = NO;
				ENABLE_STRICT_OBJC_MSGSEND = YES;
				GCC_C_LANGUAGE_STANDARD = gnu11;
				GCC_NO_COMMON_BLOCKS = YES;
				GCC_WARN_64_TO_32_BIT_CONVERSION = YES;
				GCC_WARN_ABOUT_RETURN_TYPE = YES_ERROR;
				GCC_WARN_UNDECLARED_SELECTOR = YES;
				GCC_WARN_UNINITIALIZED_AUTOS = YES_AGGRESSIVE;
				GCC_WARN_UNUSED_FUNCTION = YES;
				GCC_WARN_UNUSED_VARIABLE = YES;
				IPHONEOS_DEPLOYMENT_TARGET = 15.0;
				MTL_ENABLE_DEBUG_INFO = NO;
				MTL_FAST_MATH = YES;
				SDKROOT = iphoneos;
				SWIFT_COMPILATION_MODE = wholemodule;
				SWIFT_OPTIMIZATION_LEVEL = "-O";
				VALIDATE_PRODUCT = YES;
			};
			name = Release;
		};
		CCA3EF96276C08C000CCA21A /* Debug */ = {
			isa = XCBuildConfiguration;
			buildSettings = {
				ASSETCATALOG_COMPILER_APPICON_NAME = AppIcon;
				ASSETCATALOG_COMPILER_GLOBAL_ACCENT_COLOR_NAME = AccentColor;
				CODE_SIGN_STYLE = Automatic;
				CURRENT_PROJECT_VERSION = 1;
				DEVELOPMENT_ASSET_PATHS = "\"ConciseForms/Preview Content\"";
				DEVELOPMENT_TEAM = FE2AQRECPA;
				ENABLE_PREVIEWS = YES;
				GENERATE_INFOPLIST_FILE = YES;
				INFOPLIST_KEY_UIApplicationSceneManifest_Generation = YES;
				INFOPLIST_KEY_UIApplicationSupportsIndirectInputEvents = YES;
				INFOPLIST_KEY_UILaunchScreen_Generation = YES;
				INFOPLIST_KEY_UISupportedInterfaceOrientations_iPad = "UIInterfaceOrientationPortrait UIInterfaceOrientationPortraitUpsideDown UIInterfaceOrientationLandscapeLeft UIInterfaceOrientationLandscapeRight";
				INFOPLIST_KEY_UISupportedInterfaceOrientations_iPhone = "UIInterfaceOrientationPortrait UIInterfaceOrientationLandscapeLeft UIInterfaceOrientationLandscapeRight";
				IPHONEOS_DEPLOYMENT_TARGET = 14.0;
				LD_RUNPATH_SEARCH_PATHS = (
					"$(inherited)",
					"@executable_path/Frameworks",
				);
				MARKETING_VERSION = 1.0;
				PRODUCT_BUNDLE_IDENTIFIER = fish.octo.ConciseForms;
				PRODUCT_NAME = "$(TARGET_NAME)";
				SWIFT_EMIT_LOC_STRINGS = YES;
				SWIFT_VERSION = 5.0;
				TARGETED_DEVICE_FAMILY = "1,2";
			};
			name = Debug;
		};
		CCA3EF97276C08C000CCA21A /* Release */ = {
			isa = XCBuildConfiguration;
			buildSettings = {
				ASSETCATALOG_COMPILER_APPICON_NAME = AppIcon;
				ASSETCATALOG_COMPILER_GLOBAL_ACCENT_COLOR_NAME = AccentColor;
				CODE_SIGN_STYLE = Automatic;
				CURRENT_PROJECT_VERSION = 1;
				DEVELOPMENT_ASSET_PATHS = "\"ConciseForms/Preview Content\"";
				DEVELOPMENT_TEAM = FE2AQRECPA;
				ENABLE_PREVIEWS = YES;
				GENERATE_INFOPLIST_FILE = YES;
				INFOPLIST_KEY_UIApplicationSceneManifest_Generation = YES;
				INFOPLIST_KEY_UIApplicationSupportsIndirectInputEvents = YES;
				INFOPLIST_KEY_UILaunchScreen_Generation = YES;
				INFOPLIST_KEY_UISupportedInterfaceOrientations_iPad = "UIInterfaceOrientationPortrait UIInterfaceOrientationPortraitUpsideDown UIInterfaceOrientationLandscapeLeft UIInterfaceOrientationLandscapeRight";
				INFOPLIST_KEY_UISupportedInterfaceOrientations_iPhone = "UIInterfaceOrientationPortrait UIInterfaceOrientationLandscapeLeft UIInterfaceOrientationLandscapeRight";
				IPHONEOS_DEPLOYMENT_TARGET = 14.0;
				LD_RUNPATH_SEARCH_PATHS = (
					"$(inherited)",
					"@executable_path/Frameworks",
				);
				MARKETING_VERSION = 1.0;
				PRODUCT_BUNDLE_IDENTIFIER = fish.octo.ConciseForms;
				PRODUCT_NAME = "$(TARGET_NAME)";
				SWIFT_EMIT_LOC_STRINGS = YES;
				SWIFT_VERSION = 5.0;
				TARGETED_DEVICE_FAMILY = "1,2";
			};
			name = Release;
		};
		CCA3EF99276C08C000CCA21A /* Debug */ = {
			isa = XCBuildConfiguration;
			buildSettings = {
				ALWAYS_EMBED_SWIFT_STANDARD_LIBRARIES = YES;
				BUNDLE_LOADER = "$(TEST_HOST)";
				CODE_SIGN_STYLE = Automatic;
				CURRENT_PROJECT_VERSION = 1;
				DEVELOPMENT_TEAM = FE2AQRECPA;
				GENERATE_INFOPLIST_FILE = YES;
				IPHONEOS_DEPLOYMENT_TARGET = 14.0;
				LD_RUNPATH_SEARCH_PATHS = (
					"$(inherited)",
					"@executable_path/Frameworks",
					"@loader_path/Frameworks",
				);
				MARKETING_VERSION = 1.0;
				PRODUCT_BUNDLE_IDENTIFIER = fish.octo.ConciseFormsTests;
				PRODUCT_NAME = "$(TARGET_NAME)";
				SWIFT_EMIT_LOC_STRINGS = NO;
				SWIFT_VERSION = 5.0;
				TARGETED_DEVICE_FAMILY = "1,2";
				TEST_HOST = "$(BUILT_PRODUCTS_DIR)/ConciseForms.app/ConciseForms";
			};
			name = Debug;
		};
		CCA3EF9A276C08C000CCA21A /* Release */ = {
			isa = XCBuildConfiguration;
			buildSettings = {
				ALWAYS_EMBED_SWIFT_STANDARD_LIBRARIES = YES;
				BUNDLE_LOADER = "$(TEST_HOST)";
				CODE_SIGN_STYLE = Automatic;
				CURRENT_PROJECT_VERSION = 1;
				DEVELOPMENT_TEAM = FE2AQRECPA;
				GENERATE_INFOPLIST_FILE = YES;
				IPHONEOS_DEPLOYMENT_TARGET = 14.0;
				LD_RUNPATH_SEARCH_PATHS = (
					"$(inherited)",
					"@executable_path/Frameworks",
					"@loader_path/Frameworks",
				);
				MARKETING_VERSION = 1.0;
				PRODUCT_BUNDLE_IDENTIFIER = fish.octo.ConciseFormsTests;
				PRODUCT_NAME = "$(TARGET_NAME)";
				SWIFT_EMIT_LOC_STRINGS = NO;
				SWIFT_VERSION = 5.0;
				TARGETED_DEVICE_FAMILY = "1,2";
				TEST_HOST = "$(BUILT_PRODUCTS_DIR)/ConciseForms.app/ConciseForms";
			};
			name = Release;
		};
		CCA3EF9C276C08C000CCA21A /* Debug */ = {
			isa = XCBuildConfiguration;
			buildSettings = {
				ALWAYS_EMBED_SWIFT_STANDARD_LIBRARIES = YES;
				CODE_SIGN_STYLE = Automatic;
				CURRENT_PROJECT_VERSION = 1;
				DEVELOPMENT_TEAM = FE2AQRECPA;
				GENERATE_INFOPLIST_FILE = YES;
				LD_RUNPATH_SEARCH_PATHS = (
					"$(inherited)",
					"@executable_path/Frameworks",
					"@loader_path/Frameworks",
				);
				MARKETING_VERSION = 1.0;
				PRODUCT_BUNDLE_IDENTIFIER = fish.octo.ConciseFormsUITests;
				PRODUCT_NAME = "$(TARGET_NAME)";
				SWIFT_EMIT_LOC_STRINGS = NO;
				SWIFT_VERSION = 5.0;
				TARGETED_DEVICE_FAMILY = "1,2";
				TEST_TARGET_NAME = ConciseForms;
			};
			name = Debug;
		};
		CCA3EF9D276C08C000CCA21A /* Release */ = {
			isa = XCBuildConfiguration;
			buildSettings = {
				ALWAYS_EMBED_SWIFT_STANDARD_LIBRARIES = YES;
				CODE_SIGN_STYLE = Automatic;
				CURRENT_PROJECT_VERSION = 1;
				DEVELOPMENT_TEAM = FE2AQRECPA;
				GENERATE_INFOPLIST_FILE = YES;
				LD_RUNPATH_SEARCH_PATHS = (
					"$(inherited)",
					"@executable_path/Frameworks",
					"@loader_path/Frameworks",
				);
				MARKETING_VERSION = 1.0;
				PRODUCT_BUNDLE_IDENTIFIER = fish.octo.ConciseFormsUITests;
				PRODUCT_NAME = "$(TARGET_NAME)";
				SWIFT_EMIT_LOC_STRINGS = NO;
				SWIFT_VERSION = 5.0;
				TARGETED_DEVICE_FAMILY = "1,2";
				TEST_TARGET_NAME = ConciseForms;
			};
			name = Release;
		};
/* End XCBuildConfiguration section */

/* Begin XCConfigurationList section */
		CCA3EF6C276C08BE00CCA21A /* Build configuration list for PBXProject "ConciseForms" */ = {
			isa = XCConfigurationList;
			buildConfigurations = (
				CCA3EF93276C08C000CCA21A /* Debug */,
				CCA3EF94276C08C000CCA21A /* Release */,
			);
			defaultConfigurationIsVisible = 0;
			defaultConfigurationName = Release;
		};
		CCA3EF95276C08C000CCA21A /* Build configuration list for PBXNativeTarget "ConciseForms" */ = {
			isa = XCConfigurationList;
			buildConfigurations = (
				CCA3EF96276C08C000CCA21A /* Debug */,
				CCA3EF97276C08C000CCA21A /* Release */,
			);
			defaultConfigurationIsVisible = 0;
			defaultConfigurationName = Release;
		};
		CCA3EF98276C08C000CCA21A /* Build configuration list for PBXNativeTarget "ConciseFormsTests" */ = {
			isa = XCConfigurationList;
			buildConfigurations = (
				CCA3EF99276C08C000CCA21A /* Debug */,
				CCA3EF9A276C08C000CCA21A /* Release */,
			);
			defaultConfigurationIsVisible = 0;
			defaultConfigurationName = Release;
		};
		CCA3EF9B276C08C000CCA21A /* Build configuration list for PBXNativeTarget "ConciseFormsUITests" */ = {
			isa = XCConfigurationList;
			buildConfigurations = (
				CCA3EF9C276C08C000CCA21A /* Debug */,
				CCA3EF9D276C08C000CCA21A /* Release */,
			);
			defaultConfigurationIsVisible = 0;
			defaultConfigurationName = Release;
		};
/* End XCConfigurationList section */

/* Begin XCRemoteSwiftPackageReference section */
		CCA3EFA6276C0B3B00CCA21A /* XCRemoteSwiftPackageReference "swift-composable-architecture" */ = {
			isa = XCRemoteSwiftPackageReference;
			repositoryURL = "https://github.com/pointfreeco/swift-composable-architecture";
			requirement = {
				kind = upToNextMajorVersion;
				minimumVersion = 0.10.0;
			};
		};
/* End XCRemoteSwiftPackageReference section */

/* Begin XCSwiftPackageProductDependency section */
		CCA3EFA7276C0B3B00CCA21A /* ComposableArchitecture */ = {
			isa = XCSwiftPackageProductDependency;
			package = CCA3EFA6276C0B3B00CCA21A /* XCRemoteSwiftPackageReference "swift-composable-architecture" */;
			productName = ComposableArchitecture;
		};
/* End XCSwiftPackageProductDependency section */
	};
	rootObject = CCA3EF69276C08BE00CCA21A /* Project object */;
}
